
Microsoft Visual Studio Solution File, Format Version 12.00
# Visual Studio Version 16
VisualStudioVersion = 16.0.31624.102
MinimumVisualStudioVersion = 10.0.40219.1
Project("{FAE04EC0-301F-11D3-BF4B-00C04F79EFBC}") = "Labas 3", "Labas 3.csproj", "{C3646AA7-14B2-4A18-A9CF-6C57872708F0}"
EndProject
Global
	GlobalSection(SolutionConfigurationPlatforms) = preSolution
		Debug|Any CPU = Debug|Any CPU
		Release|Any CPU = Release|Any CPU
	EndGlobalSection
	GlobalSection(ProjectConfigurationPlatforms) = postSolution
		{C3646AA7-14B2-4A18-A9CF-6C57872708F0}.Debug|Any CPU.ActiveCfg = Debug|Any CPU
		{C3646AA7-14B2-4A18-A9CF-6C57872708F0}.Debug|Any CPU.Build.0 = Debug|Any CPU
		{C3646AA7-14B2-4A18-A9CF-6C57872708F0}.Release|Any CPU.ActiveCfg = Release|Any CPU
		{C3646AA7-14B2-4A18-A9CF-6C57872708F0}.Release|Any CPU.Build.0 = Release|Any CPU
	EndGlobalSection
	GlobalSection(SolutionProperties) = preSolution
		HideSolutionNode = FALSE
	EndGlobalSection
	GlobalSection(ExtensibilityGlobals) = postSolution
		SolutionGuid = {375E7C4F-227B-432F-963D-E0E0BF149028}
	EndGlobalSection
EndGlobal
